
Microsoft Visual Studio Solution File, Format Version 12.00
# Visual Studio Version 17
VisualStudioVersion = 17.14.36915.13 d17.14
MinimumVisualStudioVersion = 10.0.40219.1
Project("{FAE04EC0-301F-11D3-BF4B-00C04F79EFBC}") = "BankCourse", "BankCourse\BankCourse.csproj", "{7818C3E8-E141-4CAA-84BB-19D58B73A3C9}"
EndProject
Global
	GlobalSection(SolutionConfigurationPlatforms) = preSolution
		Debug|Any CPU = Debug|Any CPU
		Release|Any CPU = Release|Any CPU
	EndGlobalSection
	GlobalSection(ProjectConfigurationPlatforms) = postSolution
		{7818C3E8-E141-4CAA-84BB-19D58B73A3C9}.Debug|Any CPU.ActiveCfg = Debug|Any CPU
		{7818C3E8-E141-4CAA-84BB-19D58B73A3C9}.Debug|Any CPU.Build.0 = Debug|Any CPU
		{7818C3E8-E141-4CAA-84BB-19D58B73A3C9}.Release|Any CPU.ActiveCfg = Release|Any CPU
		{7818C3E8-E141-4CAA-84BB-19D58B73A3C9}.Release|Any CPU.Build.0 = Release|Any CPU
	EndGlobalSection
	GlobalSection(SolutionProperties) = preSolution
		HideSolutionNode = FALSE
	EndGlobalSection
	GlobalSection(ExtensibilityGlobals) = postSolution
		SolutionGuid = {40586241-5125-499F-A219-118055216622}
	EndGlobalSection
EndGlobal
